
Microsoft Visual Studio Solution File, Format Version 12.00
# Visual Studio Version 17
VisualStudioVersion = 17.11.35327.3
MinimumVisualStudioVersion = 10.0.40219.1
Project("{9A19103F-16F7-4668-BE54-9A1E7A4F7556}") = "Tyuiu.MorozovSM.Sprint6.Task0.V5", "Tyuiu.MorozovSM.Sprint6.Task0.V5\Tyuiu.MorozovSM.Sprint6.Task0.V5.csproj", "{E2C66AAE-0C3D-4CAD-94C1-F60A75A1A84A}"
EndProject
Project("{9A19103F-16F7-4668-BE54-9A1E7A4F7556}") = "Tyuiu.MorozovSM.Sprint6.Task0.V5.Test", "Tyuiu.MorozovSM.Sprint6.Task0.V5.Test\Tyuiu.MorozovSM.Sprint6.Task0.V5.Test.csproj", "{BBFD4983-3BB1-46A2-906E-829D02B7CDC5}"
EndProject
Project("{9A19103F-16F7-4668-BE54-9A1E7A4F7556}") = "Tyuiu.MorozovSM.Sprint6.Task0.V5.Lib", "Tyuiu.MorozovSM.Sprint6.Task0.V5.Lib\Tyuiu.MorozovSM.Sprint6.Task0.V5.Lib.csproj", "{CF3BF382-567A-4084-B956-2F979D5925C0}"
EndProject
Project("{2150E333-8FDC-42A3-9474-1A3956D46DE8}") = "Task0", "Task0", "{28C49072-9960-46AF-922A-1C0F8F1B38DB}"
EndProject
Project("{2150E333-8FDC-42A3-9474-1A3956D46DE8}") = "Task1", "Task1", "{FF42ACA0-A26D-4267-A8E4-E264A3F428C2}"
EndProject
Project("{9A19103F-16F7-4668-BE54-9A1E7A4F7556}") = "Tyuiu.MorozovSM.Sprint6.Task1.V3.Test", "Tyuiu.MorozovSM.Sprint6.Task1.V3.Test\Tyuiu.MorozovSM.Sprint6.Task1.V3.Test.csproj", "{1009F2F6-6B98-445B-AAE0-D7B01250C373}"
EndProject
Project("{9A19103F-16F7-4668-BE54-9A1E7A4F7556}") = "Tyuiu.MorozovSM.Sprint6.Task1.V3.Lib", "Tyuiu.MorozovSM.Sprint6.Task1.V3.Lib\Tyuiu.MorozovSM.Sprint6.Task1.V3.Lib.csproj", "{B97F1A9C-328F-4AA5-A9C7-EEEE91F7EF44}"
EndProject
Project("{9A19103F-16F7-4668-BE54-9A1E7A4F7556}") = "Tyuiu.MorozovSM.Sprint6.Task1.V3", "Tyuiu.MorozovSM.Sprint6.Task1.V3\Tyuiu.MorozovSM.Sprint6.Task1.V3.csproj", "{02C78374-E0CB-4C2B-8926-3AACED7621AA}"
EndProject
Project("{2150E333-8FDC-42A3-9474-1A3956D46DE8}") = "Task2", "Task2", "{AEF130E8-42B2-4270-8BF8-4BAD121A19F3}"
EndProject
Project("{9A19103F-16F7-4668-BE54-9A1E7A4F7556}") = "Tyuiu.MorozovSM.Sprint6.Task2.V11", "Tyuiu.MorozovSM.Sprint6.Task2.V11\Tyuiu.MorozovSM.Sprint6.Task2.V11.csproj", "{DD8C6774-9C6B-493A-81A6-4FE26731AD4E}"
EndProject
Project("{9A19103F-16F7-4668-BE54-9A1E7A4F7556}") = "Tyuiu.MorozovSM.Sprint6.Task2.V11.Lib", "Tyuiu.MorozovSM.Sprint6.Task2.V11.Lib\Tyuiu.MorozovSM.Sprint6.Task2.V11.Lib.csproj", "{7277E907-A2FE-4443-AE40-0D7B84FC1A29}"
EndProject
Project("{9A19103F-16F7-4668-BE54-9A1E7A4F7556}") = "Tyuiu.MorozovSM.Sprint6.Task2.V11.Test", "Tyuiu.MorozovSM.Sprint6.Task2.V11.Test\Tyuiu.MorozovSM.Sprint6.Task2.V11.Test.csproj", "{2C3B91B5-82CB-441D-A5E1-5E0302D113C0}"
EndProject
Project("{2150E333-8FDC-42A3-9474-1A3956D46DE8}") = "Task3", "Task3", "{BFE5762A-9BC5-4B9A-8F35-4486BC1B6249}"
EndProject
Project("{FAE04EC0-301F-11D3-BF4B-00C04F79EFBC}") = "Tyuiu.MorozovSM.Sprint6.Task3.V4.Test", "Tyuiu.MorozovSM.Sprint6.Task3.V4.Test\Tyuiu.MorozovSM.Sprint6.Task3.V4.Test.csproj", "{402F51B9-601A-40D9-882B-E32DD7A9C898}"
EndProject
Project("{FAE04EC0-301F-11D3-BF4B-00C04F79EFBC}") = "Tyuiu.MorozovSM.Sprint6.Task3.V4.Lib", "Tyuiu.MorozovSM.Sprint6.Task3.V4.Lib\Tyuiu.MorozovSM.Sprint6.Task3.V4.Lib.csproj", "{85CE8A9E-2D35-488D-850B-E123A3D39AD8}"
EndProject
Project("{FAE04EC0-301F-11D3-BF4B-00C04F79EFBC}") = "Tyuiu.MorozovSM.Sprint6.Task3.V4", "Tyuiu.MorozovSM.Sprint6.Task3.V4\Tyuiu.MorozovSM.Sprint6.Task3.V4.csproj", "{E89FA6A2-DF4C-42F6-9042-2F5889495001}"
EndProject
Global
	GlobalSection(SolutionConfigurationPlatforms) = preSolution
		Debug|Any CPU = Debug|Any CPU
		Release|Any CPU = Release|Any CPU
	EndGlobalSection
	GlobalSection(ProjectConfigurationPlatforms) = postSolution
		{E2C66AAE-0C3D-4CAD-94C1-F60A75A1A84A}.Debug|Any CPU.ActiveCfg = Debug|Any CPU
		{E2C66AAE-0C3D-4CAD-94C1-F60A75A1A84A}.Debug|Any CPU.Build.0 = Debug|Any CPU
		{E2C66AAE-0C3D-4CAD-94C1-F60A75A1A84A}.Release|Any CPU.ActiveCfg = Release|Any CPU
		{E2C66AAE-0C3D-4CAD-94C1-F60A75A1A84A}.Release|Any CPU.Build.0 = Release|Any CPU
		{BBFD4983-3BB1-46A2-906E-829D02B7CDC5}.Debug|Any CPU.ActiveCfg = Debug|Any CPU
		{BBFD4983-3BB1-46A2-906E-829D02B7CDC5}.Debug|Any CPU.Build.0 = Debug|Any CPU
		{BBFD4983-3BB1-46A2-906E-829D02B7CDC5}.Release|Any CPU.ActiveCfg = Release|Any CPU
		{BBFD4983-3BB1-46A2-906E-829D02B7CDC5}.Release|Any CPU.Build.0 = Release|Any CPU
		{CF3BF382-567A-4084-B956-2F979D5925C0}.Debug|Any CPU.ActiveCfg = Debug|Any CPU
		{CF3BF382-567A-4084-B956-2F979D5925C0}.Debug|Any CPU.Build.0 = Debug|Any CPU
		{CF3BF382-567A-4084-B956-2F979D5925C0}.Release|Any CPU.ActiveCfg = Release|Any CPU
		{CF3BF382-567A-4084-B956-2F979D5925C0}.Release|Any CPU.Build.0 = Release|Any CPU
		{1009F2F6-6B98-445B-AAE0-D7B01250C373}.Debug|Any CPU.ActiveCfg = Debug|Any CPU
		{1009F2F6-6B98-445B-AAE0-D7B01250C373}.Debug|Any CPU.Build.0 = Debug|Any CPU
		{1009F2F6-6B98-445B-AAE0-D7B01250C373}.Release|Any CPU.ActiveCfg = Release|Any CPU
		{1009F2F6-6B98-445B-AAE0-D7B01250C373}.Release|Any CPU.Build.0 = Release|Any CPU
		{B97F1A9C-328F-4AA5-A9C7-EEEE91F7EF44}.Debug|Any CPU.ActiveCfg = Debug|Any CPU
		{B97F1A9C-328F-4AA5-A9C7-EEEE91F7EF44}.Debug|Any CPU.Build.0 = Debug|Any CPU
		{B97F1A9C-328F-4AA5-A9C7-EEEE91F7EF44}.Release|Any CPU.ActiveCfg = Release|Any CPU
		{B97F1A9C-328F-4AA5-A9C7-EEEE91F7EF44}.Release|Any CPU.Build.0 = Release|Any CPU
		{02C78374-E0CB-4C2B-8926-3AACED7621AA}.Debug|Any CPU.ActiveCfg = Debug|Any CPU
		{02C78374-E0CB-4C2B-8926-3AACED7621AA}.Debug|Any CPU.Build.0 = Debug|Any CPU
		{02C78374-E0CB-4C2B-8926-3AACED7621AA}.Release|Any CPU.ActiveCfg = Release|Any CPU
		{02C78374-E0CB-4C2B-8926-3AACED7621AA}.Release|Any CPU.Build.0 = Release|Any CPU
		{DD8C6774-9C6B-493A-81A6-4FE26731AD4E}.Debug|Any CPU.ActiveCfg = Debug|Any CPU
		{DD8C6774-9C6B-493A-81A6-4FE26731AD4E}.Debug|Any CPU.Build.0 = Debug|Any CPU
		{DD8C6774-9C6B-493A-81A6-4FE26731AD4E}.Release|Any CPU.ActiveCfg = Release|Any CPU
		{DD8C6774-9C6B-493A-81A6-4FE26731AD4E}.Release|Any CPU.Build.0 = Release|Any CPU
		{7277E907-A2FE-4443-AE40-0D7B84FC1A29}.Debug|Any CPU.ActiveCfg = Debug|Any CPU
		{7277E907-A2FE-4443-AE40-0D7B84FC1A29}.Debug|Any CPU.Build.0 = Debug|Any CPU
		{7277E907-A2FE-4443-AE40-0D7B84FC1A29}.Release|Any CPU.ActiveCfg = Release|Any CPU
		{7277E907-A2FE-4443-AE40-0D7B84FC1A29}.Release|Any CPU.Build.0 = Release|Any CPU
		{2C3B91B5-82CB-441D-A5E1-5E0302D113C0}.Debug|Any CPU.ActiveCfg = Debug|Any CPU
		{2C3B91B5-82CB-441D-A5E1-5E0302D113C0}.Debug|Any CPU.Build.0 = Debug|Any CPU
		{2C3B91B5-82CB-441D-A5E1-5E0302D113C0}.Release|Any CPU.ActiveCfg = Release|Any CPU
		{2C3B91B5-82CB-441D-A5E1-5E0302D113C0}.Release|Any CPU.Build.0 = Release|Any CPU
		{402F51B9-601A-40D9-882B-E32DD7A9C898}.Debug|Any CPU.ActiveCfg = Debug|Any CPU
		{402F51B9-601A-40D9-882B-E32DD7A9C898}.Debug|Any CPU.Build.0 = Debug|Any CPU
		{402F51B9-601A-40D9-882B-E32DD7A9C898}.Release|Any CPU.ActiveCfg = Release|Any CPU
		{402F51B9-601A-40D9-882B-E32DD7A9C898}.Release|Any CPU.Build.0 = Release|Any CPU
		{85CE8A9E-2D35-488D-850B-E123A3D39AD8}.Debug|Any CPU.ActiveCfg = Debug|Any CPU
		{85CE8A9E-2D35-488D-850B-E123A3D39AD8}.Debug|Any CPU.Build.0 = Debug|Any CPU
		{85CE8A9E-2D35-488D-850B-E123A3D39AD8}.Release|Any CPU.ActiveCfg = Release|Any CPU
		{85CE8A9E-2D35-488D-850B-E123A3D39AD8}.Release|Any CPU.Build.0 = Release|Any CPU
		{E89FA6A2-DF4C-42F6-9042-2F5889495001}.Debug|Any CPU.ActiveCfg = Debug|Any CPU
		{E89FA6A2-DF4C-42F6-9042-2F5889495001}.Debug|Any CPU.Build.0 = Debug|Any CPU
		{E89FA6A2-DF4C-42F6-9042-2F5889495001}.Release|Any CPU.ActiveCfg = Release|Any CPU
		{E89FA6A2-DF4C-42F6-9042-2F5889495001}.Release|Any CPU.Build.0 = Release|Any CPU
	EndGlobalSection
	GlobalSection(SolutionProperties) = preSolution
		HideSolutionNode = FALSE
	EndGlobalSection
	GlobalSection(NestedProjects) = preSolution
		{E2C66AAE-0C3D-4CAD-94C1-F60A75A1A84A} = {28C49072-9960-46AF-922A-1C0F8F1B38DB}
		{BBFD4983-3BB1-46A2-906E-829D02B7CDC5} = {28C49072-9960-46AF-922A-1C0F8F1B38DB}
		{CF3BF382-567A-4084-B956-2F979D5925C0} = {28C49072-9960-46AF-922A-1C0F8F1B38DB}
		{1009F2F6-6B98-445B-AAE0-D7B01250C373} = {FF42ACA0-A26D-4267-A8E4-E264A3F428C2}
		{B97F1A9C-328F-4AA5-A9C7-EEEE91F7EF44} = {FF42ACA0-A26D-4267-A8E4-E264A3F428C2}
		{02C78374-E0CB-4C2B-8926-3AACED7621AA} = {FF42ACA0-A26D-4267-A8E4-E264A3F428C2}
		{DD8C6774-9C6B-493A-81A6-4FE26731AD4E} = {AEF130E8-42B2-4270-8BF8-4BAD121A19F3}
		{7277E907-A2FE-4443-AE40-0D7B84FC1A29} = {AEF130E8-42B2-4270-8BF8-4BAD121A19F3}
		{2C3B91B5-82CB-441D-A5E1-5E0302D113C0} = {AEF130E8-42B2-4270-8BF8-4BAD121A19F3}
		{402F51B9-601A-40D9-882B-E32DD7A9C898} = {BFE5762A-9BC5-4B9A-8F35-4486BC1B6249}
		{85CE8A9E-2D35-488D-850B-E123A3D39AD8} = {BFE5762A-9BC5-4B9A-8F35-4486BC1B6249}
		{E89FA6A2-DF4C-42F6-9042-2F5889495001} = {BFE5762A-9BC5-4B9A-8F35-4486BC1B6249}
	EndGlobalSection
	GlobalSection(ExtensibilityGlobals) = postSolution
		SolutionGuid = {E83CEB86-2D97-41B8-8B8F-05B3595141F4}
	EndGlobalSection
EndGlobal
